
Microsoft Visual Studio Solution File, Format Version 12.00
# Visual Studio Version 16
VisualStudioVersion = 16.0.30204.135
MinimumVisualStudioVersion = 10.0.40219.1
Project("{8BC9CEB8-8B4A-11D0-8D11-00A0C91BC942}") = "OOPLab 2.4", "OOPLab 2.4\OOPLab 2.4.vcxproj", "{20DCC19A-2624-4BC4-9E69-A5BD724A9CC0}"
EndProject
Project("{8BC9CEB8-8B4A-11D0-8D11-00A0C91BC942}") = "UnitTest1", "UnitTest1\UnitTest1.vcxproj", "{5290C676-302C-40B4-A76A-8455F658990C}"
EndProject
Global
	GlobalSection(SolutionConfigurationPlatforms) = preSolution
		Debug|x64 = Debug|x64
		Debug|x86 = Debug|x86
		Release|x64 = Release|x64
		Release|x86 = Release|x86
	EndGlobalSection
	GlobalSection(ProjectConfigurationPlatforms) = postSolution
		{20DCC19A-2624-4BC4-9E69-A5BD724A9CC0}.Debug|x64.ActiveCfg = Debug|x64
		{20DCC19A-2624-4BC4-9E69-A5BD724A9CC0}.Debug|x64.Build.0 = Debug|x64
		{20DCC19A-2624-4BC4-9E69-A5BD724A9CC0}.Debug|x86.ActiveCfg = Debug|Win32
		{20DCC19A-2624-4BC4-9E69-A5BD724A9CC0}.Debug|x86.Build.0 = Debug|Win32
		{20DCC19A-2624-4BC4-9E69-A5BD724A9CC0}.Release|x64.ActiveCfg = Release|x64
		{20DCC19A-2624-4BC4-9E69-A5BD724A9CC0}.Release|x64.Build.0 = Release|x64
		{20DCC19A-2624-4BC4-9E69-A5BD724A9CC0}.Release|x86.ActiveCfg = Release|Win32
		{20DCC19A-2624-4BC4-9E69-A5BD724A9CC0}.Release|x86.Build.0 = Release|Win32
		{5290C676-302C-40B4-A76A-8455F658990C}.Debug|x64.ActiveCfg = Debug|x64
		{5290C676-302C-40B4-A76A-8455F658990C}.Debug|x64.Build.0 = Debug|x64
		{5290C676-302C-40B4-A76A-8455F658990C}.Debug|x86.ActiveCfg = Debug|Win32
		{5290C676-302C-40B4-A76A-8455F658990C}.Debug|x86.Build.0 = Debug|Win32
		{5290C676-302C-40B4-A76A-8455F658990C}.Release|x64.ActiveCfg = Release|x64
		{5290C676-302C-40B4-A76A-8455F658990C}.Release|x64.Build.0 = Release|x64
		{5290C676-302C-40B4-A76A-8455F658990C}.Release|x86.ActiveCfg = Release|Win32
		{5290C676-302C-40B4-A76A-8455F658990C}.Release|x86.Build.0 = Release|Win32
	EndGlobalSection
	GlobalSection(SolutionProperties) = preSolution
		HideSolutionNode = FALSE
	EndGlobalSection
	GlobalSection(ExtensibilityGlobals) = postSolution
		SolutionGuid = {D93D3D0E-5CEC-45CE-8526-050BD2513379}
	EndGlobalSection
EndGlobal
